
Microsoft Visual Studio Solution File, Format Version 12.00
# Visual Studio Version 17
VisualStudioVersion = 17.4.33205.214
MinimumVisualStudioVersion = 10.0.40219.1
Project("{9A19103F-16F7-4668-BE54-9A1E7A4F7556}") = "FactoryMethod", "FactoryMethod\FactoryMethod.csproj", "{7389EF39-0885-4742-A0B2-F166EFDE6852}"
EndProject
Project("{FAE04EC0-301F-11D3-BF4B-00C04F79EFBC}") = "Builder", "Builder\Builder.csproj", "{6E21A97A-9785-464C-B633-A3BF142FEF8B}"
EndProject
Project("{FAE04EC0-301F-11D3-BF4B-00C04F79EFBC}") = "Prototype", "Prototype\Prototype.csproj", "{04D4A87E-991B-427A-A588-63020BAD1E03}"
EndProject
Project("{2150E333-8FDC-42A3-9474-1A3956D46DE8}") = "Creational Patterns", "Creational Patterns", "{5346F59E-C496-4A62-A7DF-E474A51DB834}"
EndProject
Project("{FAE04EC0-301F-11D3-BF4B-00C04F79EFBC}") = "Singleton", "Singleton\Singleton.csproj", "{8C90E646-83EB-4ECB-BB69-862D517E3EB4}"
EndProject
Global
	GlobalSection(SolutionConfigurationPlatforms) = preSolution
		Debug|Any CPU = Debug|Any CPU
		Release|Any CPU = Release|Any CPU
	EndGlobalSection
	GlobalSection(ProjectConfigurationPlatforms) = postSolution
		{7389EF39-0885-4742-A0B2-F166EFDE6852}.Debug|Any CPU.ActiveCfg = Debug|Any CPU
		{7389EF39-0885-4742-A0B2-F166EFDE6852}.Debug|Any CPU.Build.0 = Debug|Any CPU
		{7389EF39-0885-4742-A0B2-F166EFDE6852}.Release|Any CPU.ActiveCfg = Release|Any CPU
		{7389EF39-0885-4742-A0B2-F166EFDE6852}.Release|Any CPU.Build.0 = Release|Any CPU
		{6E21A97A-9785-464C-B633-A3BF142FEF8B}.Debug|Any CPU.ActiveCfg = Debug|Any CPU
		{6E21A97A-9785-464C-B633-A3BF142FEF8B}.Debug|Any CPU.Build.0 = Debug|Any CPU
		{6E21A97A-9785-464C-B633-A3BF142FEF8B}.Release|Any CPU.ActiveCfg = Release|Any CPU
		{6E21A97A-9785-464C-B633-A3BF142FEF8B}.Release|Any CPU.Build.0 = Release|Any CPU
		{04D4A87E-991B-427A-A588-63020BAD1E03}.Debug|Any CPU.ActiveCfg = Debug|Any CPU
		{04D4A87E-991B-427A-A588-63020BAD1E03}.Debug|Any CPU.Build.0 = Debug|Any CPU
		{04D4A87E-991B-427A-A588-63020BAD1E03}.Release|Any CPU.ActiveCfg = Release|Any CPU
		{04D4A87E-991B-427A-A588-63020BAD1E03}.Release|Any CPU.Build.0 = Release|Any CPU
		{8C90E646-83EB-4ECB-BB69-862D517E3EB4}.Debug|Any CPU.ActiveCfg = Debug|Any CPU
		{8C90E646-83EB-4ECB-BB69-862D517E3EB4}.Debug|Any CPU.Build.0 = Debug|Any CPU
		{8C90E646-83EB-4ECB-BB69-862D517E3EB4}.Release|Any CPU.ActiveCfg = Release|Any CPU
		{8C90E646-83EB-4ECB-BB69-862D517E3EB4}.Release|Any CPU.Build.0 = Release|Any CPU
	EndGlobalSection
	GlobalSection(SolutionProperties) = preSolution
		HideSolutionNode = FALSE
	EndGlobalSection
	GlobalSection(NestedProjects) = preSolution
		{7389EF39-0885-4742-A0B2-F166EFDE6852} = {5346F59E-C496-4A62-A7DF-E474A51DB834}
		{6E21A97A-9785-464C-B633-A3BF142FEF8B} = {5346F59E-C496-4A62-A7DF-E474A51DB834}
		{04D4A87E-991B-427A-A588-63020BAD1E03} = {5346F59E-C496-4A62-A7DF-E474A51DB834}
		{8C90E646-83EB-4ECB-BB69-862D517E3EB4} = {5346F59E-C496-4A62-A7DF-E474A51DB834}
	EndGlobalSection
	GlobalSection(ExtensibilityGlobals) = postSolution
		SolutionGuid = {B17AFA90-9391-48BD-A15A-4046025A92BA}
	EndGlobalSection
EndGlobal
