
Microsoft Visual Studio Solution File, Format Version 12.00
# Visual Studio Version 17
VisualStudioVersion = 17.4.33205.214
MinimumVisualStudioVersion = 10.0.40219.1
Project("{FAE04EC0-301F-11D3-BF4B-00C04F79EFBC}") = "DesignPatterns", "DesignPatterns\DesignPatterns.csproj", "{8BDCA226-4CF2-429E-B996-F1F2E71C4BE8}"
EndProject
Global
	GlobalSection(SolutionConfigurationPlatforms) = preSolution
		Debug|Any CPU = Debug|Any CPU
		Release|Any CPU = Release|Any CPU
	EndGlobalSection
	GlobalSection(ProjectConfigurationPlatforms) = postSolution
		{8BDCA226-4CF2-429E-B996-F1F2E71C4BE8}.Debug|Any CPU.ActiveCfg = Debug|Any CPU
		{8BDCA226-4CF2-429E-B996-F1F2E71C4BE8}.Debug|Any CPU.Build.0 = Debug|Any CPU
		{8BDCA226-4CF2-429E-B996-F1F2E71C4BE8}.Release|Any CPU.ActiveCfg = Release|Any CPU
		{8BDCA226-4CF2-429E-B996-F1F2E71C4BE8}.Release|Any CPU.Build.0 = Release|Any CPU
	EndGlobalSection
	GlobalSection(SolutionProperties) = preSolution
		HideSolutionNode = FALSE
	EndGlobalSection
	GlobalSection(ExtensibilityGlobals) = postSolution
		SolutionGuid = {B17AFA90-9391-48BD-A15A-4046025A92BA}
	EndGlobalSection
EndGlobal
