
Microsoft Visual Studio Solution File, Format Version 12.00
# Visual Studio Version 17
VisualStudioVersion = 17.4.33205.214
MinimumVisualStudioVersion = 10.0.40219.1
Project("{9A19103F-16F7-4668-BE54-9A1E7A4F7556}") = "FactoryMethod", "FactoryMethod\FactoryMethod.csproj", "{7389EF39-0885-4742-A0B2-F166EFDE6852}"
EndProject
Project("{9A19103F-16F7-4668-BE54-9A1E7A4F7556}") = "Builder", "Builder\Builder.csproj", "{6E21A97A-9785-464C-B633-A3BF142FEF8B}"
EndProject
Project("{9A19103F-16F7-4668-BE54-9A1E7A4F7556}") = "Prototype", "Prototype\Prototype.csproj", "{04D4A87E-991B-427A-A588-63020BAD1E03}"
EndProject
Project("{2150E333-8FDC-42A3-9474-1A3956D46DE8}") = "Creational Patterns", "Creational Patterns", "{5346F59E-C496-4A62-A7DF-E474A51DB834}"
EndProject
Project("{9A19103F-16F7-4668-BE54-9A1E7A4F7556}") = "Singleton", "Singleton\Singleton.csproj", "{8C90E646-83EB-4ECB-BB69-862D517E3EB4}"
EndProject
Project("{2150E333-8FDC-42A3-9474-1A3956D46DE8}") = "Structural Patterns", "Structural Patterns", "{F69C92FE-1D9D-48D6-A1D8-1EB3907A35C9}"
EndProject
Project("{9A19103F-16F7-4668-BE54-9A1E7A4F7556}") = "Adapter", "Adapter\Adapter.csproj", "{CC756EC6-5445-4CA1-95F2-1349D7FDD204}"
EndProject
Project("{9A19103F-16F7-4668-BE54-9A1E7A4F7556}") = "Bridge", "Bridge\Bridge.csproj", "{5FC55742-3F39-43BB-AF4E-965035B202AE}"
EndProject
Project("{9A19103F-16F7-4668-BE54-9A1E7A4F7556}") = "Composite", "Composite\Composite.csproj", "{D223319F-7E71-4C08-B2EB-E6D4B4CA0D65}"
EndProject
Project("{9A19103F-16F7-4668-BE54-9A1E7A4F7556}") = "Decorator", "Decorator\Decorator.csproj", "{7D4BE5D5-9F1F-4F54-A578-399C49391C10}"
EndProject
Project("{9A19103F-16F7-4668-BE54-9A1E7A4F7556}") = "Fecade", "Fecade\Fecade.csproj", "{5678BC7E-15D8-4DE2-9378-C4336FE04FA0}"
EndProject
Project("{9A19103F-16F7-4668-BE54-9A1E7A4F7556}") = "Proxy", "Proxy\Proxy.csproj", "{7DBB62D5-21DD-46B5-8954-AC8DCF268215}"
EndProject
Project("{2150E333-8FDC-42A3-9474-1A3956D46DE8}") = "Behavioral Patterns", "Behavioral Patterns", "{772BEEDB-DB18-4C75-8B74-B59893C639C6}"
EndProject
Project("{9A19103F-16F7-4668-BE54-9A1E7A4F7556}") = "ChainOfResponsibility", "ChainOfResponsibility\ChainOfResponsibility.csproj", "{37A6F9D4-E897-4E06-ACD9-A39CA99DD2A1}"
EndProject
Project("{9A19103F-16F7-4668-BE54-9A1E7A4F7556}") = "Command", "Command\Command.csproj", "{1FC59EA4-05C6-4E9F-892B-F93BC23BC282}"
EndProject
Project("{9A19103F-16F7-4668-BE54-9A1E7A4F7556}") = "Mediator", "Mediator\Mediator.csproj", "{127174F5-578F-442E-9EA9-77EDB9C0E096}"
EndProject
Project("{9A19103F-16F7-4668-BE54-9A1E7A4F7556}") = "Observer", "Observer\Observer.csproj", "{75A8D256-63F6-47FB-BF7B-3B9DE5FC6E29}"
EndProject
Project("{9A19103F-16F7-4668-BE54-9A1E7A4F7556}") = "Strategy", "Strategy\Strategy.csproj", "{786AA96B-BFDB-4AFC-B7BE-A3EE3300C484}"
EndProject
Project("{9A19103F-16F7-4668-BE54-9A1E7A4F7556}") = "TemplateMethod", "TemplateMethod\TemplateMethod.csproj", "{024A5735-D677-4F60-8465-3C1E605D5BA6}"
EndProject
Project("{FAE04EC0-301F-11D3-BF4B-00C04F79EFBC}") = "Visitor", "Visitor\Visitor.csproj", "{37CA711D-B0E8-4687-855C-C59774697DB0}"
EndProject
Project("{FAE04EC0-301F-11D3-BF4B-00C04F79EFBC}") = "State", "State\State.csproj", "{BE704573-DE7D-4584-A53A-7A1F06D13FC0}"
EndProject
Global
	GlobalSection(SolutionConfigurationPlatforms) = preSolution
		Debug|Any CPU = Debug|Any CPU
		Release|Any CPU = Release|Any CPU
	EndGlobalSection
	GlobalSection(ProjectConfigurationPlatforms) = postSolution
		{7389EF39-0885-4742-A0B2-F166EFDE6852}.Debug|Any CPU.ActiveCfg = Debug|Any CPU
		{7389EF39-0885-4742-A0B2-F166EFDE6852}.Debug|Any CPU.Build.0 = Debug|Any CPU
		{7389EF39-0885-4742-A0B2-F166EFDE6852}.Release|Any CPU.ActiveCfg = Release|Any CPU
		{7389EF39-0885-4742-A0B2-F166EFDE6852}.Release|Any CPU.Build.0 = Release|Any CPU
		{6E21A97A-9785-464C-B633-A3BF142FEF8B}.Debug|Any CPU.ActiveCfg = Debug|Any CPU
		{6E21A97A-9785-464C-B633-A3BF142FEF8B}.Debug|Any CPU.Build.0 = Debug|Any CPU
		{6E21A97A-9785-464C-B633-A3BF142FEF8B}.Release|Any CPU.ActiveCfg = Release|Any CPU
		{6E21A97A-9785-464C-B633-A3BF142FEF8B}.Release|Any CPU.Build.0 = Release|Any CPU
		{04D4A87E-991B-427A-A588-63020BAD1E03}.Debug|Any CPU.ActiveCfg = Debug|Any CPU
		{04D4A87E-991B-427A-A588-63020BAD1E03}.Debug|Any CPU.Build.0 = Debug|Any CPU
		{04D4A87E-991B-427A-A588-63020BAD1E03}.Release|Any CPU.ActiveCfg = Release|Any CPU
		{04D4A87E-991B-427A-A588-63020BAD1E03}.Release|Any CPU.Build.0 = Release|Any CPU
		{8C90E646-83EB-4ECB-BB69-862D517E3EB4}.Debug|Any CPU.ActiveCfg = Debug|Any CPU
		{8C90E646-83EB-4ECB-BB69-862D517E3EB4}.Debug|Any CPU.Build.0 = Debug|Any CPU
		{8C90E646-83EB-4ECB-BB69-862D517E3EB4}.Release|Any CPU.ActiveCfg = Release|Any CPU
		{8C90E646-83EB-4ECB-BB69-862D517E3EB4}.Release|Any CPU.Build.0 = Release|Any CPU
		{CC756EC6-5445-4CA1-95F2-1349D7FDD204}.Debug|Any CPU.ActiveCfg = Debug|Any CPU
		{CC756EC6-5445-4CA1-95F2-1349D7FDD204}.Debug|Any CPU.Build.0 = Debug|Any CPU
		{CC756EC6-5445-4CA1-95F2-1349D7FDD204}.Release|Any CPU.ActiveCfg = Release|Any CPU
		{CC756EC6-5445-4CA1-95F2-1349D7FDD204}.Release|Any CPU.Build.0 = Release|Any CPU
		{5FC55742-3F39-43BB-AF4E-965035B202AE}.Debug|Any CPU.ActiveCfg = Debug|Any CPU
		{5FC55742-3F39-43BB-AF4E-965035B202AE}.Debug|Any CPU.Build.0 = Debug|Any CPU
		{5FC55742-3F39-43BB-AF4E-965035B202AE}.Release|Any CPU.ActiveCfg = Release|Any CPU
		{5FC55742-3F39-43BB-AF4E-965035B202AE}.Release|Any CPU.Build.0 = Release|Any CPU
		{D223319F-7E71-4C08-B2EB-E6D4B4CA0D65}.Debug|Any CPU.ActiveCfg = Debug|Any CPU
		{D223319F-7E71-4C08-B2EB-E6D4B4CA0D65}.Debug|Any CPU.Build.0 = Debug|Any CPU
		{D223319F-7E71-4C08-B2EB-E6D4B4CA0D65}.Release|Any CPU.ActiveCfg = Release|Any CPU
		{D223319F-7E71-4C08-B2EB-E6D4B4CA0D65}.Release|Any CPU.Build.0 = Release|Any CPU
		{7D4BE5D5-9F1F-4F54-A578-399C49391C10}.Debug|Any CPU.ActiveCfg = Debug|Any CPU
		{7D4BE5D5-9F1F-4F54-A578-399C49391C10}.Debug|Any CPU.Build.0 = Debug|Any CPU
		{7D4BE5D5-9F1F-4F54-A578-399C49391C10}.Release|Any CPU.ActiveCfg = Release|Any CPU
		{7D4BE5D5-9F1F-4F54-A578-399C49391C10}.Release|Any CPU.Build.0 = Release|Any CPU
		{5678BC7E-15D8-4DE2-9378-C4336FE04FA0}.Debug|Any CPU.ActiveCfg = Debug|Any CPU
		{5678BC7E-15D8-4DE2-9378-C4336FE04FA0}.Debug|Any CPU.Build.0 = Debug|Any CPU
		{5678BC7E-15D8-4DE2-9378-C4336FE04FA0}.Release|Any CPU.ActiveCfg = Release|Any CPU
		{5678BC7E-15D8-4DE2-9378-C4336FE04FA0}.Release|Any CPU.Build.0 = Release|Any CPU
		{7DBB62D5-21DD-46B5-8954-AC8DCF268215}.Debug|Any CPU.ActiveCfg = Debug|Any CPU
		{7DBB62D5-21DD-46B5-8954-AC8DCF268215}.Debug|Any CPU.Build.0 = Debug|Any CPU
		{7DBB62D5-21DD-46B5-8954-AC8DCF268215}.Release|Any CPU.ActiveCfg = Release|Any CPU
		{7DBB62D5-21DD-46B5-8954-AC8DCF268215}.Release|Any CPU.Build.0 = Release|Any CPU
		{37A6F9D4-E897-4E06-ACD9-A39CA99DD2A1}.Debug|Any CPU.ActiveCfg = Debug|Any CPU
		{37A6F9D4-E897-4E06-ACD9-A39CA99DD2A1}.Debug|Any CPU.Build.0 = Debug|Any CPU
		{37A6F9D4-E897-4E06-ACD9-A39CA99DD2A1}.Release|Any CPU.ActiveCfg = Release|Any CPU
		{37A6F9D4-E897-4E06-ACD9-A39CA99DD2A1}.Release|Any CPU.Build.0 = Release|Any CPU
		{1FC59EA4-05C6-4E9F-892B-F93BC23BC282}.Debug|Any CPU.ActiveCfg = Debug|Any CPU
		{1FC59EA4-05C6-4E9F-892B-F93BC23BC282}.Debug|Any CPU.Build.0 = Debug|Any CPU
		{1FC59EA4-05C6-4E9F-892B-F93BC23BC282}.Release|Any CPU.ActiveCfg = Release|Any CPU
		{1FC59EA4-05C6-4E9F-892B-F93BC23BC282}.Release|Any CPU.Build.0 = Release|Any CPU
		{127174F5-578F-442E-9EA9-77EDB9C0E096}.Debug|Any CPU.ActiveCfg = Debug|Any CPU
		{127174F5-578F-442E-9EA9-77EDB9C0E096}.Debug|Any CPU.Build.0 = Debug|Any CPU
		{127174F5-578F-442E-9EA9-77EDB9C0E096}.Release|Any CPU.ActiveCfg = Release|Any CPU
		{127174F5-578F-442E-9EA9-77EDB9C0E096}.Release|Any CPU.Build.0 = Release|Any CPU
		{75A8D256-63F6-47FB-BF7B-3B9DE5FC6E29}.Debug|Any CPU.ActiveCfg = Debug|Any CPU
		{75A8D256-63F6-47FB-BF7B-3B9DE5FC6E29}.Debug|Any CPU.Build.0 = Debug|Any CPU
		{75A8D256-63F6-47FB-BF7B-3B9DE5FC6E29}.Release|Any CPU.ActiveCfg = Release|Any CPU
		{75A8D256-63F6-47FB-BF7B-3B9DE5FC6E29}.Release|Any CPU.Build.0 = Release|Any CPU
		{786AA96B-BFDB-4AFC-B7BE-A3EE3300C484}.Debug|Any CPU.ActiveCfg = Debug|Any CPU
		{786AA96B-BFDB-4AFC-B7BE-A3EE3300C484}.Debug|Any CPU.Build.0 = Debug|Any CPU
		{786AA96B-BFDB-4AFC-B7BE-A3EE3300C484}.Release|Any CPU.ActiveCfg = Release|Any CPU
		{786AA96B-BFDB-4AFC-B7BE-A3EE3300C484}.Release|Any CPU.Build.0 = Release|Any CPU
		{024A5735-D677-4F60-8465-3C1E605D5BA6}.Debug|Any CPU.ActiveCfg = Debug|Any CPU
		{024A5735-D677-4F60-8465-3C1E605D5BA6}.Debug|Any CPU.Build.0 = Debug|Any CPU
		{024A5735-D677-4F60-8465-3C1E605D5BA6}.Release|Any CPU.ActiveCfg = Release|Any CPU
		{024A5735-D677-4F60-8465-3C1E605D5BA6}.Release|Any CPU.Build.0 = Release|Any CPU
		{37CA711D-B0E8-4687-855C-C59774697DB0}.Debug|Any CPU.ActiveCfg = Debug|Any CPU
		{37CA711D-B0E8-4687-855C-C59774697DB0}.Debug|Any CPU.Build.0 = Debug|Any CPU
		{37CA711D-B0E8-4687-855C-C59774697DB0}.Release|Any CPU.ActiveCfg = Release|Any CPU
		{37CA711D-B0E8-4687-855C-C59774697DB0}.Release|Any CPU.Build.0 = Release|Any CPU
		{BE704573-DE7D-4584-A53A-7A1F06D13FC0}.Debug|Any CPU.ActiveCfg = Debug|Any CPU
		{BE704573-DE7D-4584-A53A-7A1F06D13FC0}.Debug|Any CPU.Build.0 = Debug|Any CPU
		{BE704573-DE7D-4584-A53A-7A1F06D13FC0}.Release|Any CPU.ActiveCfg = Release|Any CPU
		{BE704573-DE7D-4584-A53A-7A1F06D13FC0}.Release|Any CPU.Build.0 = Release|Any CPU
	EndGlobalSection
	GlobalSection(SolutionProperties) = preSolution
		HideSolutionNode = FALSE
	EndGlobalSection
	GlobalSection(NestedProjects) = preSolution
		{7389EF39-0885-4742-A0B2-F166EFDE6852} = {5346F59E-C496-4A62-A7DF-E474A51DB834}
		{6E21A97A-9785-464C-B633-A3BF142FEF8B} = {5346F59E-C496-4A62-A7DF-E474A51DB834}
		{04D4A87E-991B-427A-A588-63020BAD1E03} = {5346F59E-C496-4A62-A7DF-E474A51DB834}
		{8C90E646-83EB-4ECB-BB69-862D517E3EB4} = {5346F59E-C496-4A62-A7DF-E474A51DB834}
		{CC756EC6-5445-4CA1-95F2-1349D7FDD204} = {F69C92FE-1D9D-48D6-A1D8-1EB3907A35C9}
		{5FC55742-3F39-43BB-AF4E-965035B202AE} = {F69C92FE-1D9D-48D6-A1D8-1EB3907A35C9}
		{D223319F-7E71-4C08-B2EB-E6D4B4CA0D65} = {F69C92FE-1D9D-48D6-A1D8-1EB3907A35C9}
		{7D4BE5D5-9F1F-4F54-A578-399C49391C10} = {F69C92FE-1D9D-48D6-A1D8-1EB3907A35C9}
		{5678BC7E-15D8-4DE2-9378-C4336FE04FA0} = {F69C92FE-1D9D-48D6-A1D8-1EB3907A35C9}
		{7DBB62D5-21DD-46B5-8954-AC8DCF268215} = {F69C92FE-1D9D-48D6-A1D8-1EB3907A35C9}
		{37A6F9D4-E897-4E06-ACD9-A39CA99DD2A1} = {772BEEDB-DB18-4C75-8B74-B59893C639C6}
		{1FC59EA4-05C6-4E9F-892B-F93BC23BC282} = {772BEEDB-DB18-4C75-8B74-B59893C639C6}
		{127174F5-578F-442E-9EA9-77EDB9C0E096} = {772BEEDB-DB18-4C75-8B74-B59893C639C6}
		{75A8D256-63F6-47FB-BF7B-3B9DE5FC6E29} = {772BEEDB-DB18-4C75-8B74-B59893C639C6}
		{786AA96B-BFDB-4AFC-B7BE-A3EE3300C484} = {772BEEDB-DB18-4C75-8B74-B59893C639C6}
		{024A5735-D677-4F60-8465-3C1E605D5BA6} = {772BEEDB-DB18-4C75-8B74-B59893C639C6}
		{37CA711D-B0E8-4687-855C-C59774697DB0} = {772BEEDB-DB18-4C75-8B74-B59893C639C6}
		{BE704573-DE7D-4584-A53A-7A1F06D13FC0} = {772BEEDB-DB18-4C75-8B74-B59893C639C6}
	EndGlobalSection
	GlobalSection(ExtensibilityGlobals) = postSolution
		SolutionGuid = {B17AFA90-9391-48BD-A15A-4046025A92BA}
	EndGlobalSection
EndGlobal
